PODS:
  - ZXLBaseLibrary (1.0.1):
    - ZXLBaseLibrary/ZXLCustom (= 1.0.1)
    - ZXLBaseLibrary/ZXLExtension (= 1.0.1)
    - ZXLBaseLibrary/ZXLRouter (= 1.0.1)
    - ZXLBaseLibrary/ZXLSetting (= 1.0.1)
    - ZXLBaseLibrary/ZXLUtils (= 1.0.1)
  - ZXLBaseLibrary/ZXLCustom (1.0.1)
  - ZXLBaseLibrary/ZXLExtension (1.0.1)
  - ZXLBaseLibrary/ZXLRouter (1.0.1)
  - ZXLBaseLibrary/ZXLSetting (1.0.1)
  - ZXLBaseLibrary/ZXLUtils (1.0.1)

DEPENDENCIES:
  - ZXLBaseLibrary (from `./ZXLBaseLibrary.podspec`)

EXTERNAL SOURCES:
  ZXLBaseLibrary:
    :path: "./ZXLBaseLibrary.podspec"

SPEC CHECKSUMS:
  ZXLBaseLibrary: dc2534baada5105fdcf65e9ed9b69edee5a57311

PODFILE CHECKSUM: c32e4913cb859b3684dea04935f731ec998477f3

COCOAPODS: 1.5.3
